
Microsoft Visual Studio Solution File, Format Version 12.00
# Visual Studio 15
VisualStudioVersion = 15.0.27428.2027
MinimumVisualStudioVersion = 10.0.40219.1
Project("{FAE04EC0-301F-11D3-BF4B-00C04F79EFBC}") = "FFmpegDotNet", "FFmpegDotNet\FFmpegDotNet.csproj", "{E496AD81-7F30-492A-9E00-0EABF86F708A}"
EndProject
Project("{FAE04EC0-301F-11D3-BF4B-00C04F79EFBC}") = "FFmpegTest", "FFmpegTest\FFmpegTest.csproj", "{31EDC313-6014-405D-82FA-8676882AC827}"
EndProject
Global
	GlobalSection(SolutionConfigurationPlatforms) = preSolution
		Debug|Any CPU = Debug|Any CPU
		Release|Any CPU = Release|Any CPU
	EndGlobalSection
	GlobalSection(ProjectConfigurationPlatforms) = postSolution
		{E496AD81-7F30-492A-9E00-0EABF86F708A}.Debug|Any CPU.ActiveCfg = Debug|Any CPU
		{E496AD81-7F30-492A-9E00-0EABF86F708A}.Debug|Any CPU.Build.0 = Debug|Any CPU
		{E496AD81-7F30-492A-9E00-0EABF86F708A}.Release|Any CPU.ActiveCfg = Release|Any CPU
		{E496AD81-7F30-492A-9E00-0EABF86F708A}.Release|Any CPU.Build.0 = Release|Any CPU
		{31EDC313-6014-405D-82FA-8676882AC827}.Debug|Any CPU.ActiveCfg = Debug|Any CPU
		{31EDC313-6014-405D-82FA-8676882AC827}.Debug|Any CPU.Build.0 = Debug|Any CPU
		{31EDC313-6014-405D-82FA-8676882AC827}.Release|Any CPU.ActiveCfg = Release|Any CPU
		{31EDC313-6014-405D-82FA-8676882AC827}.Release|Any CPU.Build.0 = Release|Any CPU
	EndGlobalSection
	GlobalSection(SolutionProperties) = preSolution
		HideSolutionNode = FALSE
	EndGlobalSection
	GlobalSection(ExtensibilityGlobals) = postSolution
		SolutionGuid = {33B61663-3A81-4654-82F6-9A3E48F89044}
	EndGlobalSection
EndGlobal
